
Microsoft Visual Studio Solution File, Format Version 12.00
# Visual Studio Version 16
VisualStudioVersion = 16.0.29403.142
MinimumVisualStudioVersion = 10.0.40219.1
Project("{FAE04EC0-301F-11D3-BF4B-00C04F79EFBC}") = "TTSTool", "TTSTool.csproj", "{F496565E-F5FC-422E-B495-0626A6A9D383}"
EndProject
Global
	GlobalSection(SolutionConfigurationPlatforms) = preSolution
		Debug|Any CPU = Debug|Any CPU
		Release|Any CPU = Release|Any CPU
	EndGlobalSection
	GlobalSection(ProjectConfigurationPlatforms) = postSolution
		{F496565E-F5FC-422E-B495-0626A6A9D383}.Debug|Any CPU.ActiveCfg = Debug|Any CPU
		{F496565E-F5FC-422E-B495-0626A6A9D383}.Debug|Any CPU.Build.0 = Debug|Any CPU
		{F496565E-F5FC-422E-B495-0626A6A9D383}.Release|Any CPU.ActiveCfg = Release|Any CPU
		{F496565E-F5FC-422E-B495-0626A6A9D383}.Release|Any CPU.Build.0 = Release|Any CPU
	EndGlobalSection
	GlobalSection(SolutionProperties) = preSolution
		HideSolutionNode = FALSE
	EndGlobalSection
	GlobalSection(ExtensibilityGlobals) = postSolution
		SolutionGuid = {83DD2C64-9D09-48B4-85F7-3C9E3564748D}
	EndGlobalSection
EndGlobal
